
Microsoft Visual Studio Solution File, Format Version 12.00
# Visual Studio 15
VisualStudioVersion = 15.0.26228.9
MinimumVisualStudioVersion = 10.0.40219.1
Project("{FAE04EC0-301F-11D3-BF4B-00C04F79EFBC}") = "AddTheDigits", "AddTheDigits\AddTheDigits.csproj", "{5C6C8B62-8839-42AE-92C7-4216F6BE2DFB}"
EndProject
Global
	GlobalSection(SolutionConfigurationPlatforms) = preSolution
		Debug|Any CPU = Debug|Any CPU
		Release|Any CPU = Release|Any CPU
	EndGlobalSection
	GlobalSection(ProjectConfigurationPlatforms) = postSolution
		{5C6C8B62-8839-42AE-92C7-4216F6BE2DFB}.Debug|Any CPU.ActiveCfg = Debug|Any CPU
		{5C6C8B62-8839-42AE-92C7-4216F6BE2DFB}.Debug|Any CPU.Build.0 = Debug|Any CPU
		{5C6C8B62-8839-42AE-92C7-4216F6BE2DFB}.Release|Any CPU.ActiveCfg = Release|Any CPU
		{5C6C8B62-8839-42AE-92C7-4216F6BE2DFB}.Release|Any CPU.Build.0 = Release|Any CPU
	EndGlobalSection
	GlobalSection(SolutionProperties) = preSolution
		HideSolutionNode = FALSE
	EndGlobalSection
EndGlobal
